# THIS IS AN AUTOGENERATED FILE. DO NOT EDIT THIS FILE DIRECTLY.
# yarn lockfile v1


"fancy-canvas@0.2.2":
  "integrity" "sha512-50qi8xA0QkHbjmb8h7XQ6k2fvD7y/yMfiUw9YTarJ7rWrq6o5/3CCXPouYk+XSLASvvxtjyiQLRBFt3qkE3oyA=="
  "resolved" "https://registry.npmjs.org/fancy-canvas/-/fancy-canvas-0.2.2.tgz"
  "version" "0.2.2"

"lightweight-charts@^3.3.0":
  "integrity" "sha512-W5jeBrXcHG8eHnIQ0L2CB9TLkrrsjNPlQq5SICPO8PnJ3dJ8jZkLCAwemZ7Ym7ZGCfKCz6ow1EPbyzNYxblnkw=="
  "resolved" "https://registry.npmjs.org/lightweight-charts/-/lightweight-charts-3.3.0.tgz"
  "version" "3.3.0"
  dependencies:
    "fancy-canvas" "0.2.2"
